
Microsoft Visual Studio Solution File, Format Version 12.00
# Visual Studio Version 17
VisualStudioVersion = 17.0.32014.148
MinimumVisualStudioVersion = 10.0.40219.1
Project("{FAE04EC0-301F-11D3-BF4B-00C04F79EFBC}") = "RockPaperScissors", "RockPaperScissors\RockPaperScissors.csproj", "{2C5BAAB1-861B-48CB-ABB9-37725552AA82}"
EndProject
Project("{FAE04EC0-301F-11D3-BF4B-00C04F79EFBC}") = "RockPaperScissorsTest", "RockPaperScissorsTest\RockPaperScissorsTest.csproj", "{35D63FC3-B56E-4400-A03E-A7D0AB0BDC5D}"
EndProject
Global
	GlobalSection(SolutionConfigurationPlatforms) = preSolution
		Debug|Any CPU = Debug|Any CPU
		Release|Any CPU = Release|Any CPU
	EndGlobalSection
	GlobalSection(ProjectConfigurationPlatforms) = postSolution
		{2C5BAAB1-861B-48CB-ABB9-37725552AA82}.Debug|Any CPU.ActiveCfg = Debug|Any CPU
		{2C5BAAB1-861B-48CB-ABB9-37725552AA82}.Debug|Any CPU.Build.0 = Debug|Any CPU
		{2C5BAAB1-861B-48CB-ABB9-37725552AA82}.Release|Any CPU.ActiveCfg = Release|Any CPU
		{2C5BAAB1-861B-48CB-ABB9-37725552AA82}.Release|Any CPU.Build.0 = Release|Any CPU
		{35D63FC3-B56E-4400-A03E-A7D0AB0BDC5D}.Debug|Any CPU.ActiveCfg = Debug|Any CPU
		{35D63FC3-B56E-4400-A03E-A7D0AB0BDC5D}.Debug|Any CPU.Build.0 = Debug|Any CPU
		{35D63FC3-B56E-4400-A03E-A7D0AB0BDC5D}.Release|Any CPU.ActiveCfg = Release|Any CPU
		{35D63FC3-B56E-4400-A03E-A7D0AB0BDC5D}.Release|Any CPU.Build.0 = Release|Any CPU
	EndGlobalSection
	GlobalSection(SolutionProperties) = preSolution
		HideSolutionNode = FALSE
	EndGlobalSection
	GlobalSection(ExtensibilityGlobals) = postSolution
		SolutionGuid = {87587C96-8F3E-4516-9A04-4677DD992A14}
	EndGlobalSection
EndGlobal
